{
    "version": 3,
    "terraform_version": "0.10.7",
    "serial": 3,
    "lineage": "22812f57-937f-47dd-abfc-e85ba65fc09d",
    "modules": [
        {
            "path": [
                "root"
            ],
            "outputs": {},
            "resources": {
                "aws_instance.kubemasters.0": {
                    "type": "aws_instance",
                    "depends_on": [
                        "data.aws_ami.amazon_linux",
                        "data.aws_subnet_ids.private"
                    ],
                    "primary": {
                        "id": "i-0cd971fe6dd669fc4",
                        "attributes": {
                            "ami": "ami-07fc3cb791f32513e",
                            "associate_public_ip_address": "false",
                            "availability_zone": "us-east-1a",
                            "disable_api_termination": "false",
                            "ebs_block_device.#": "0",
                            "ebs_optimized": "false",
                            "ephemeral_block_device.#": "0",
                            "iam_instance_profile": "",
                            "id": "i-0cd971fe6dd669fc4",
                            "instance_state": "running",
                            "instance_type": "t2.micro",
                            "ipv6_addresses.#": "0",
                            "key_name": "pf-us-east",
                            "monitoring": "false",
                            "network_interface.#": "0",
                            "network_interface_id": "eni-b475ad63",
                            "placement_group": "",
                            "primary_network_interface_id": "eni-b475ad63",
                            "private_dns": "ip-10-64-17-82.ec2.internal",
                            "private_ip": "10.64.17.82",
                            "public_dns": "",
                            "public_ip": "",
                            "root_block_device.#": "1",
                            "root_block_device.0.delete_on_termination": "true",
                            "root_block_device.0.iops": "100",
                            "root_block_device.0.volume_id": "vol-0f577bb1757e64d46",
                            "root_block_device.0.volume_size": "8",
                            "root_block_device.0.volume_type": "gp2",
                            "security_groups.#": "0",
                            "source_dest_check": "true",
                            "subnet_id": "subnet-74957603",
                            "tags.%": "1",
                            "tags.Name": "kubemaster",
                            "tenancy": "default",
                            "volume_tags.%": "0",
                            "vpc_security_group_ids.#": "1",
                            "vpc_security_group_ids.2943342468": "sg-9c64e1f9"
                        },
                        "meta": {
                            "e2bfb730-ecaa-11e6-8f88-34363bc7c4c0": {
                                "create": 600000000000,
                                "delete": 1200000000000,
                                "update": 600000000000
                            },
                            "schema_version": "1"
                        },
                        "tainted": false
                    },
                    "deposed": [],
                    "provider": ""
                },
                "aws_instance.kubemasters.1": {
                    "type": "aws_instance",
                    "depends_on": [
                        "data.aws_ami.amazon_linux",
                        "data.aws_subnet_ids.private"
                    ],
                    "primary": {
                        "id": "i-07f37a7005b779b5c",
                        "attributes": {
                            "ami": "ami-07fc3cb791f32513e",
                            "associate_public_ip_address": "false",
                            "availability_zone": "us-east-1d",
                            "disable_api_termination": "false",
                            "ebs_block_device.#": "0",
                            "ebs_optimized": "false",
                            "ephemeral_block_device.#": "0",
                            "iam_instance_profile": "",
                            "id": "i-07f37a7005b779b5c",
                            "instance_state": "running",
                            "instance_type": "t2.micro",
                            "ipv6_addresses.#": "0",
                            "key_name": "pf-us-east",
                            "monitoring": "false",
                            "network_interface.#": "0",
                            "network_interface_id": "eni-a93a8128",
                            "placement_group": "",
                            "primary_network_interface_id": "eni-a93a8128",
                            "private_dns": "ip-10-64-19-132.ec2.internal",
                            "private_ip": "10.64.19.132",
                            "public_dns": "",
                            "public_ip": "",
                            "root_block_device.#": "1",
                            "root_block_device.0.delete_on_termination": "true",
                            "root_block_device.0.iops": "100",
                            "root_block_device.0.volume_id": "vol-096bfe49d1bf67a81",
                            "root_block_device.0.volume_size": "8",
                            "root_block_device.0.volume_type": "gp2",
                            "security_groups.#": "0",
                            "source_dest_check": "true",
                            "subnet_id": "subnet-6579614d",
                            "tags.%": "1",
                            "tags.Name": "kubemaster",
                            "tenancy": "default",
                            "volume_tags.%": "0",
                            "vpc_security_group_ids.#": "1",
                            "vpc_security_group_ids.2943342468": "sg-9c64e1f9"
                        },
                        "meta": {
                            "e2bfb730-ecaa-11e6-8f88-34363bc7c4c0": {
                                "create": 600000000000,
                                "delete": 1200000000000,
                                "update": 600000000000
                            },
                            "schema_version": "1"
                        },
                        "tainted": false
                    },
                    "deposed": [],
                    "provider": ""
                },
                "aws_instance.kubemasters.2": {
                    "type": "aws_instance",
                    "depends_on": [
                        "data.aws_ami.amazon_linux",
                        "data.aws_subnet_ids.private"
                    ],
                    "primary": {
                        "id": "i-0a1447ce029b34467",
                        "attributes": {
                            "ami": "ami-07fc3cb791f32513e",
                            "associate_public_ip_address": "false",
                            "availability_zone": "us-east-1b",
                            "disable_api_termination": "false",
                            "ebs_block_device.#": "0",
                            "ebs_optimized": "false",
                            "ephemeral_block_device.#": "0",
                            "iam_instance_profile": "",
                            "id": "i-0a1447ce029b34467",
                            "instance_state": "running",
                            "instance_type": "t2.micro",
                            "ipv6_addresses.#": "0",
                            "key_name": "pf-us-east",
                            "monitoring": "false",
                            "network_interface.#": "0",
                            "network_interface_id": "eni-da183ac5",
                            "placement_group": "",
                            "primary_network_interface_id": "eni-da183ac5",
                            "private_dns": "ip-10-64-16-47.ec2.internal",
                            "private_ip": "10.64.16.47",
                            "public_dns": "",
                            "public_ip": "",
                            "root_block_device.#": "1",
                            "root_block_device.0.delete_on_termination": "true",
                            "root_block_device.0.iops": "100",
                            "root_block_device.0.volume_id": "vol-0e7f191fa42789aab",
                            "root_block_device.0.volume_size": "8",
                            "root_block_device.0.volume_type": "gp2",
                            "security_groups.#": "0",
                            "source_dest_check": "true",
                            "subnet_id": "subnet-dcaaae9a",
                            "tags.%": "1",
                            "tags.Name": "kubemaster",
                            "tenancy": "default",
                            "volume_tags.%": "0",
                            "vpc_security_group_ids.#": "1",
                            "vpc_security_group_ids.2943342468": "sg-9c64e1f9"
                        },
                        "meta": {
                            "e2bfb730-ecaa-11e6-8f88-34363bc7c4c0": {
                                "create": 600000000000,
                                "delete": 1200000000000,
                                "update": 600000000000
                            },
                            "schema_version": "1"
                        },
                        "tainted": false
                    },
                    "deposed": [],
                    "provider": ""
                },
                "data.aws_ami.amazon_linux": {
                    "type": "aws_ami",
                    "depends_on": [],
                    "primary": {
                        "id": "ami-07fc3cb791f32513e",
                        "attributes": {
                            "architecture": "x86_64",
                            "block_device_mappings.#": "1",
                            "block_device_mappings.340275815.device_name": "/dev/xvda",
                            "block_device_mappings.340275815.ebs.%": "6",
                            "block_device_mappings.340275815.ebs.delete_on_termination": "true",
                            "block_device_mappings.340275815.ebs.encrypted": "false",
                            "block_device_mappings.340275815.ebs.iops": "0",
                            "block_device_mappings.340275815.ebs.snapshot_id": "snap-085038fb05dd25cac",
                            "block_device_mappings.340275815.ebs.volume_size": "8",
                            "block_device_mappings.340275815.ebs.volume_type": "gp2",
                            "block_device_mappings.340275815.no_device": "",
                            "block_device_mappings.340275815.virtual_name": "",
                            "creation_date": "2018-03-07T07:00:50.000Z",
                            "description": "Amazon Linux AMI 2017.09.1-testlongids.20180307 x86_64 HVM GP2",
                            "filter.#": "2",
                            "filter.3169420402.name": "name",
                            "filter.3169420402.values.#": "1",
                            "filter.3169420402.values.0": "amzn-ami-hvm-*-x86_64-gp2",
                            "filter.574890044.name": "owner-alias",
                            "filter.574890044.values.#": "1",
                            "filter.574890044.values.0": "amazon",
                            "hypervisor": "xen",
                            "id": "ami-07fc3cb791f32513e",
                            "image_id": "ami-07fc3cb791f32513e",
                            "image_location": "amazon/amzn-ami-hvm-2017.09.1-testlongids.20180307-x86_64-gp2",
                            "image_owner_alias": "amazon",
                            "image_type": "machine",
                            "most_recent": "true",
                            "name": "amzn-ami-hvm-2017.09.1-testlongids.20180307-x86_64-gp2",
                            "owner_id": "137112412989",
                            "product_codes.#": "0",
                            "public": "true",
                            "root_device_name": "/dev/xvda",
                            "root_device_type": "ebs",
                            "root_snapshot_id": "snap-085038fb05dd25cac",
                            "sriov_net_support": "simple",
                            "state": "available",
                            "state_reason.%": "2",
                            "state_reason.code": "UNSET",
                            "state_reason.message": "UNSET",
                            "tags.%": "0",
                            "virtualization_type": "hvm"
                        },
                        "meta": {},
                        "tainted": false
                    },
                    "deposed": [],
                    "provider": ""
                },
                "data.aws_subnet_ids.private": {
                    "type": "aws_subnet_ids",
                    "depends_on": [],
                    "primary": {
                        "id": "vpc-f03ffe95",
                        "attributes": {
                            "id": "vpc-f03ffe95",
                            "ids.#": "3",
                            "ids.2714142708": "subnet-6579614d",
                            "ids.3705666455": "subnet-dcaaae9a",
                            "ids.410087452": "subnet-74957603",
                            "tags.%": "1",
                            "tags.Role": "Infrastructure",
                            "vpc_id": "vpc-f03ffe95"
                        },
                        "meta": {},
                        "tainted": false
                    },
                    "deposed": [],
                    "provider": ""
                },
                "data.aws_vpc.selected": {
                    "type": "aws_vpc",
                    "depends_on": [],
                    "primary": {
                        "id": "vpc-f03ffe95",
                        "attributes": {
                            "cidr_block": "10.64.0.0/16",
                            "default": "false",
                            "dhcp_options_id": "dopt-71c91e14",
                            "enable_dns_hostnames": "true",
                            "enable_dns_support": "true",
                            "id": "vpc-f03ffe95",
                            "instance_tenancy": "default",
                            "state": "available",
                            "tags.%": "3",
                            "tags.Name": "Pf-US-EAST",
                            "tags.Owner": "Security",
                            "tags.kubernetes.io/cluster/kube.pf-labs.net": "shared"
                        },
                        "meta": {},
                        "tainted": false
                    },
                    "deposed": [],
                    "provider": ""
                }
            },
            "depends_on": []
        }
    ]
}
